
Microsoft Visual Studio Solution File, Format Version 12.00
# Visual Studio Version 17
VisualStudioVersion = 17.2.32602.215
MinimumVisualStudioVersion = 10.0.40219.1
Project("{FAE04EC0-301F-11D3-BF4B-00C04F79EFBC}") = "VisitingNewYork", "VisitingNewYork\VisitingNewYork.csproj", "{2A77307B-9F1A-4CC7-92E1-680E660D26B7}"
EndProject
Global
	GlobalSection(SolutionConfigurationPlatforms) = preSolution
		Debug|Any CPU = Debug|Any CPU
		Release|Any CPU = Release|Any CPU
	EndGlobalSection
	GlobalSection(ProjectConfigurationPlatforms) = postSolution
		{2A77307B-9F1A-4CC7-92E1-680E660D26B7}.Debug|Any CPU.ActiveCfg = Debug|Any CPU
		{2A77307B-9F1A-4CC7-92E1-680E660D26B7}.Debug|Any CPU.Build.0 = Debug|Any CPU
		{2A77307B-9F1A-4CC7-92E1-680E660D26B7}.Release|Any CPU.ActiveCfg = Release|Any CPU
		{2A77307B-9F1A-4CC7-92E1-680E660D26B7}.Release|Any CPU.Build.0 = Release|Any CPU
	EndGlobalSection
	GlobalSection(SolutionProperties) = preSolution
		HideSolutionNode = FALSE
	EndGlobalSection
	GlobalSection(ExtensibilityGlobals) = postSolution
		SolutionGuid = {90C25F6B-8AF2-48EB-AC0D-E58110E122ED}
	EndGlobalSection
EndGlobal
